
Microsoft Visual Studio Solution File, Format Version 12.00
# Visual Studio Version 17
VisualStudioVersion = 17.13.35825.156 d17.13
MinimumVisualStudioVersion = 10.0.40219.1
Project("{FAE04EC0-301F-11D3-BF4B-00C04F79EFBC}") = "RealTimeChat", "RealTimeChat\RealTimeChat.csproj", "{AC68F170-F2E8-4CFB-A39B-340C1B190406}"
EndProject
Global
	GlobalSection(SolutionConfigurationPlatforms) = preSolution
		Debug|Any CPU = Debug|Any CPU
		Release|Any CPU = Release|Any CPU
	EndGlobalSection
	GlobalSection(ProjectConfigurationPlatforms) = postSolution
		{AC68F170-F2E8-4CFB-A39B-340C1B190406}.Debug|Any CPU.ActiveCfg = Debug|Any CPU
		{AC68F170-F2E8-4CFB-A39B-340C1B190406}.Debug|Any CPU.Build.0 = Debug|Any CPU
		{AC68F170-F2E8-4CFB-A39B-340C1B190406}.Release|Any CPU.ActiveCfg = Release|Any CPU
		{AC68F170-F2E8-4CFB-A39B-340C1B190406}.Release|Any CPU.Build.0 = Release|Any CPU
	EndGlobalSection
	GlobalSection(SolutionProperties) = preSolution
		HideSolutionNode = FALSE
	EndGlobalSection
	GlobalSection(ExtensibilityGlobals) = postSolution
		SolutionGuid = {8372B590-886A-4BAC-8075-5A688D15DAAE}
	EndGlobalSection
EndGlobal
